# THIS IS AN AUTOGENERATED FILE. DO NOT EDIT THIS FILE DIRECTLY.
# yarn lockfile v1


"@ask-utils/core@^3.11.0":
  "integrity" "sha512-OIgUSUNOUwj00ImV6nwC+cONnSFjPEb/or50DNeNy7aB0c1MR0t1TG4Bq7/A74z+3DUc3gviTwIizRkoMfoY8A=="
  "resolved" "https://registry.npmjs.org/@ask-utils/core/-/core-3.11.0.tgz"
  "version" "3.11.0"
  dependencies:
    "ask-sdk" "^2.8.0"
    "ask-sdk-core" "^2.8.0"
    "ask-sdk-model" "^1.28.0"
    "ask-sdk-runtime" "^2.8.0"
    "aws-sdk" "^2.492.0"
    "tslib" "^2.0.0"

"@rollup/pluginutils@^4.1.0":
  "integrity" "sha512-TrBhfJkFxA+ER+ew2U2/fHbebhLT/l/2pRk0hfj9KusXUuRXd2v0R58AfaZK9VXDQ4TogOSEmICVrQAA3zFnHQ=="
  "resolved" "https://registry.npmjs.org/@rollup/pluginutils/-/pluginutils-4.1.0.tgz"
  "version" "4.1.0"
  dependencies:
    "estree-walker" "^2.0.1"
    "picomatch" "^2.2.2"

"@types/estree@*":
  "integrity" "sha512-iaIVzr+w2ZJ5HkidlZ3EJM8VTZb2MJLCjw3V+505yVts0gRC4UMvjw0d1HPtGqI/HQC/KdsYtayfzl+AXY2R8g=="
  "resolved" "https://registry.npmjs.org/@types/estree/-/estree-0.0.44.tgz"
  "version" "0.0.44"

"@types/node@*":
  "integrity" "sha512-x26ur3dSXgv5AwKS0lNfbjpCakGIduWU1DU91Zz58ONRWrIKGunmZBNv4P7N+e27sJkiGDsw/3fT4AtsqQBrBA=="
  "resolved" "https://registry.npmjs.org/@types/node/-/node-13.13.4.tgz"
  "version" "13.13.4"

"acorn@^7.1.0":
  "integrity" "sha512-add7dgA5ppRPxCFJoAGfMDi7PIBXq1RtGo7BhbLaxwrXPOmw8gq48Y9ozT01hUKy9byMjlR20EJhu5zlkErEkg=="
  "resolved" "https://registry.npmjs.org/acorn/-/acorn-7.1.1.tgz"
  "version" "7.1.1"

"ask-sdk-core@^2.0.0", "ask-sdk-core@^2.8.0":
  "integrity" "sha512-yW5D+5Z8sKOAm/vVySTZkj7f1+LemBsOAjTEZQTK4MdS8Lp8xteg3cmuqcvCp3M8405K2LYd7TknCoEAs82HEA=="
  "resolved" "https://registry.npmjs.org/ask-sdk-core/-/ask-sdk-core-2.8.0.tgz"
  "version" "2.8.0"
  dependencies:
    "ask-sdk-runtime" "^2.8.0"

"ask-sdk-dynamodb-persistence-adapter@^2.8.0":
  "integrity" "sha512-A5o4nwVV4pr472zMVmW2soywMa6QMrZbf2BAQoMbhi6gsdUeWbFxkuqNNqHYtaq7Ku9lk1wCJc7Kade9VcWkOw=="
  "resolved" "https://registry.npmjs.org/ask-sdk-dynamodb-persistence-adapter/-/ask-sdk-dynamodb-persistence-adapter-2.8.0.tgz"
  "version" "2.8.0"
  dependencies:
    "aws-sdk" "^2.163.0"

"ask-sdk-model@^1.28.0", "ask-sdk-model@^1.9.0":
  "integrity" "sha512-T4qz/hbXlQ8t6XvJBB7+tkYxpLe9/Ic+MEWNYGKgwbWnIOi5SKpfkXTEvV/mOEMpLMKj8WC84j+nRAyVc63NXQ=="
  "resolved" "https://registry.npmjs.org/ask-sdk-model/-/ask-sdk-model-1.28.0.tgz"
  "version" "1.28.0"

"ask-sdk-runtime@^2.8.0":
  "integrity" "sha512-hsVDcFKcbuj2H7MuAUlW0RBCTF8QOXfVCsrWSIgV2ABi8+PyI0zGUe8TdkQOGsPrDAv1PIzOS42QYqxWwPsp2g=="
  "resolved" "https://registry.npmjs.org/ask-sdk-runtime/-/ask-sdk-runtime-2.8.0.tgz"
  "version" "2.8.0"

"ask-sdk@^2.8.0":
  "integrity" "sha512-E/H0MC4of2tSSkSWTNv8s2ydoTftN5WVjt5g4tJjx7T3Ly6ZgrMG/LlUOaJQ/47Vaqn2cYW3WyynaC81ew/kUA=="
  "resolved" "https://registry.npmjs.org/ask-sdk/-/ask-sdk-2.8.0.tgz"
  "version" "2.8.0"
  dependencies:
    "ask-sdk-core" "^2.8.0"
    "ask-sdk-dynamodb-persistence-adapter" "^2.8.0"
    "ask-sdk-model" "^1.9.0"

"aws-sdk@^2.163.0", "aws-sdk@^2.492.0":
  "integrity" "sha512-mmZJmeenNM9hRR4k+JAStBhYFym2+VCPTRWv0Vn2oqqXIaIaNVdNf9xag/WMG8b8M80R3XXfVHKmDPST0/EfHA=="
  "resolved" "https://registry.npmjs.org/aws-sdk/-/aws-sdk-2.668.0.tgz"
  "version" "2.668.0"
  dependencies:
    "buffer" "4.9.1"
    "events" "1.1.1"
    "ieee754" "1.1.13"
    "jmespath" "0.15.0"
    "querystring" "0.2.0"
    "sax" "1.2.1"
    "url" "0.10.3"
    "uuid" "3.3.2"
    "xml2js" "0.4.19"

"axios@^0.19.0":
  "integrity" "sha512-fjgm5MvRHLhx+osE2xoekY70AhARk3a6hkN+3Io1jc00jtquGvxYlKlsFUhmUET0V5te6CcZI7lcv2Ym61mjHA=="
  "resolved" "https://registry.npmjs.org/axios/-/axios-0.19.2.tgz"
  "version" "0.19.2"
  dependencies:
    "follow-redirects" "1.5.10"

"base64-js@^1.0.2":
  "integrity" "sha512-mLQ4i2QO1ytvGWFWmcngKO//JXAQueZvwEKtjgQFM4jIK0kU+ytMfplL8j+n5mspOfjHwoAg+9yhb7BwAHm36g=="
  "resolved" "https://registry.npmjs.org/base64-js/-/base64-js-1.3.1.tgz"
  "version" "1.3.1"

"buffer@4.9.1":
  "integrity" "sha1-bRu2AbB6TvztlwlBMgkwJ8lbwpg="
  "resolved" "https://registry.npmjs.org/buffer/-/buffer-4.9.1.tgz"
  "version" "4.9.1"
  dependencies:
    "base64-js" "^1.0.2"
    "ieee754" "^1.1.4"
    "isarray" "^1.0.0"

"commondir@^1.0.1":
  "integrity" "sha1-3dgA2gxmEnOTzKWVDqloo6rxJTs="
  "resolved" "https://registry.npmjs.org/commondir/-/commondir-1.0.1.tgz"
  "version" "1.0.1"

"debug@=3.1.0":
  "integrity" "sha512-OX8XqP7/1a9cqkxYw2yXss15f26NKWBpDXQd0/uK/KPqdQhxbPa994hnzjcE2VqQpDslf55723cKPUOGSmMY3g=="
  "resolved" "https://registry.npmjs.org/debug/-/debug-3.1.0.tgz"
  "version" "3.1.0"
  dependencies:
    "ms" "2.0.0"

"estree-walker@^2.0.1":
  "integrity" "sha512-Rfkk/Mp/DL7JVje3u18FxFujQlTNR2q6QfMSMB7AvCBx91NGj/ba3kCfza0f6dVDbw7YlRf/nDrn7pQrCCyQ/w=="
  "resolved" "https://registry.npmjs.org/estree-walker/-/estree-walker-2.0.2.tgz"
  "version" "2.0.2"

"events@1.1.1":
  "integrity" "sha1-nr23Y1rQmccNzEwqH1AEKI6L2SQ="
  "resolved" "https://registry.npmjs.org/events/-/events-1.1.1.tgz"
  "version" "1.1.1"

"find-cache-dir@^3.3.1":
  "integrity" "sha512-t2GDMt3oGC/v+BMwzmllWDuJF/xcDtE5j/fCGbqDD7OLuJkj0cfh1YSA5VKPvwMeLFLNDBkwOKZ2X85jGLVftQ=="
  "resolved" "https://registry.npmjs.org/find-cache-dir/-/find-cache-dir-3.3.1.tgz"
  "version" "3.3.1"
  dependencies:
    "commondir" "^1.0.1"
    "make-dir" "^3.0.2"
    "pkg-dir" "^4.1.0"

"find-up@^4.0.0":
  "integrity" "sha512-PpOwAdQ/YlXQ2vj8a3h8IipDuYRi3wceVQQGYWxNINccq40Anw7BlsEXCMbt1Zt+OLA6Fq9suIpIWD0OsnISlw=="
  "resolved" "https://registry.npmjs.org/find-up/-/find-up-4.1.0.tgz"
  "version" "4.1.0"
  dependencies:
    "locate-path" "^5.0.0"
    "path-exists" "^4.0.0"

"follow-redirects@1.5.10":
  "integrity" "sha512-0V5l4Cizzvqt5D44aTXbFZz+FtyXV1vrDN6qrelxtfYQKW0KO0W2T/hkE8xvGa/540LkZlkaUjO4ailYTFtHVQ=="
  "resolved" "https://registry.npmjs.org/follow-redirects/-/follow-redirects-1.5.10.tgz"
  "version" "1.5.10"
  dependencies:
    "debug" "=3.1.0"

"fs-extra@8.1.0":
  "integrity" "sha512-yhlQgA6mnOJUKOsRUFsgJdQCvkKhcz8tlZG5HBQfReYZy46OwLcY+Zia0mtdHsOo9y/hP+CxMN0TU9QxoOtG4g=="
  "resolved" "https://registry.npmjs.org/fs-extra/-/fs-extra-8.1.0.tgz"
  "version" "8.1.0"
  dependencies:
    "graceful-fs" "^4.2.0"
    "jsonfile" "^4.0.0"
    "universalify" "^0.1.0"

"function-bind@^1.1.1":
  "integrity" "sha512-yIovAzMX49sF8Yl58fSCWJ5svSLuaibPxXQJFLmBObTuCr0Mf1KiPopGM9NiFjiYBCbfaa2Fh6breQ6ANVTI0A=="
  "resolved" "https://registry.npmjs.org/function-bind/-/function-bind-1.1.1.tgz"
  "version" "1.1.1"

"graceful-fs@^4.1.6", "graceful-fs@^4.2.0":
  "integrity" "sha512-nTnJ528pbqxYanhpDYsi4Rd8MAeaBA67+RZ10CM1m3bTAVFEDcd5AuA4a6W5YkGZ1iNXHzZz8T6TBKLeBuNriQ=="
  "resolved" "https://registry.npmjs.org/graceful-fs/-/graceful-fs-4.2.6.tgz"
  "version" "4.2.6"

"has@^1.0.3":
  "integrity" "sha512-f2dvO0VU6Oej7RkWJGrehjbzMAjFp5/VKPp5tTpWIV4JHHZK1/BxbFRtf/siA2SWTe09caDmVtYYzWEIbBS4zw=="
  "resolved" "https://registry.npmjs.org/has/-/has-1.0.3.tgz"
  "version" "1.0.3"
  dependencies:
    "function-bind" "^1.1.1"

"ieee754@^1.1.4", "ieee754@1.1.13":
  "integrity" "sha512-4vf7I2LYV/HaWerSo3XmlMkp5eZ83i+/CDluXi/IGTs/O1sejBNhTtnxzmRZfvOUqj7lZjqHkeTvpgSFDlWZTg=="
  "resolved" "https://registry.npmjs.org/ieee754/-/ieee754-1.1.13.tgz"
  "version" "1.1.13"

"is-core-module@^2.2.0":
  "integrity" "sha512-xSphU2KG9867tsYdLD4RWQ1VqdFl4HTO9Thf3I/3dLEfr0dbPTWKsuCKrgqMljg4nPE+Gq0VCnzT3gr0CyBmsw=="
  "resolved" "https://registry.npmjs.org/is-core-module/-/is-core-module-2.3.0.tgz"
  "version" "2.3.0"
  dependencies:
    "has" "^1.0.3"

"isarray@^1.0.0":
  "integrity" "sha1-u5NdSFgsuhaMBoNJV6VKPgcSTxE="
  "resolved" "https://registry.npmjs.org/isarray/-/isarray-1.0.0.tgz"
  "version" "1.0.0"

"jmespath@0.15.0":
  "integrity" "sha1-o/Iiqarp+Wb10nx5ZRDigJF2Qhc="
  "resolved" "https://registry.npmjs.org/jmespath/-/jmespath-0.15.0.tgz"
  "version" "0.15.0"

"jsonfile@^4.0.0":
  "integrity" "sha1-h3Gq4HmbZAdrdmQPygWPnBDjPss="
  "resolved" "https://registry.npmjs.org/jsonfile/-/jsonfile-4.0.0.tgz"
  "version" "4.0.0"
  optionalDependencies:
    "graceful-fs" "^4.1.6"

"locate-path@^5.0.0":
  "integrity" "sha512-t7hw9pI+WvuwNJXwk5zVHpyhIqzg2qTlklJOf0mVxGSbe3Fp2VieZcduNYjaLDoy6p9uGpQEGWG87WpMKlNq8g=="
  "resolved" "https://registry.npmjs.org/locate-path/-/locate-path-5.0.0.tgz"
  "version" "5.0.0"
  dependencies:
    "p-locate" "^4.1.0"

"make-dir@^3.0.2":
  "integrity" "sha512-g3FeP20LNwhALb/6Cz6Dd4F2ngze0jz7tbzrD2wAV+o9FeNHe4rL+yK2md0J/fiSf1sa1ADhXqi5+oVwOM/eGw=="
  "resolved" "https://registry.npmjs.org/make-dir/-/make-dir-3.1.0.tgz"
  "version" "3.1.0"
  dependencies:
    "semver" "^6.0.0"

"ms@2.0.0":
  "integrity" "sha1-VgiurfwAvmwpAd9fmGF4jeDVl8g="
  "resolved" "https://registry.npmjs.org/ms/-/ms-2.0.0.tgz"
  "version" "2.0.0"

"p-limit@^2.2.0":
  "integrity" "sha512-//88mFWSJx8lxCzwdAABTJL2MyWB12+eIY7MDL2SqLmAkeKU9qxRvWuSyTjm3FUmpBEMuFfckAIqEaVGUDxb6w=="
  "resolved" "https://registry.npmjs.org/p-limit/-/p-limit-2.3.0.tgz"
  "version" "2.3.0"
  dependencies:
    "p-try" "^2.0.0"

"p-locate@^4.1.0":
  "integrity" "sha512-R79ZZ/0wAxKGu3oYMlz8jy/kbhsNrS7SKZ7PxEHBgJ5+F2mtFW2fK2cOtBh1cHYkQsbzFV7I+EoRKe6Yt0oK7A=="
  "resolved" "https://registry.npmjs.org/p-locate/-/p-locate-4.1.0.tgz"
  "version" "4.1.0"
  dependencies:
    "p-limit" "^2.2.0"

"p-try@^2.0.0":
  "integrity" "sha512-R4nPAVTAU0B9D35/Gk3uJf/7XYbQcyohSKdvAxIRSNghFl4e71hVoGnBNQz9cWaXxO2I10KTC+3jMdvvoKw6dQ=="
  "resolved" "https://registry.npmjs.org/p-try/-/p-try-2.2.0.tgz"
  "version" "2.2.0"

"path-exists@^4.0.0":
  "integrity" "sha512-ak9Qy5Q7jYb2Wwcey5Fpvg2KoAc/ZIhLSLOSBmRmygPsGwkVVt0fZa0qrtMz+m6tJTAHfZQ8FnmB4MG4LWy7/w=="
  "resolved" "https://registry.npmjs.org/path-exists/-/path-exists-4.0.0.tgz"
  "version" "4.0.0"

"path-parse@^1.0.6":
  "integrity" "sha512-GSmOT2EbHrINBf9SR7CDELwlJ8AENk3Qn7OikK4nFYAu3Ote2+JYNVvkpAEQm3/TLNEJFD/xZJjzyxg3KBWOzw=="
  "resolved" "https://registry.npmjs.org/path-parse/-/path-parse-1.0.6.tgz"
  "version" "1.0.6"

"picomatch@^2.2.2":
  "integrity" "sha512-KpELjfwcCDUb9PeigTs2mBJzXUPzAuP2oPcA989He8Rte0+YUAjw1JVedDhuTKPkHjSYzMN3npC9luThGYEKdg=="
  "resolved" "https://registry.npmjs.org/picomatch/-/picomatch-2.2.3.tgz"
  "version" "2.2.3"

"pkg-dir@^4.1.0":
  "integrity" "sha512-HRDzbaKjC+AOWVXxAU/x54COGeIv9eb+6CkDSQoNTt4XyWoIJvuPsXizxu/Fr23EiekbtZwmh1IcIG/l/a10GQ=="
  "resolved" "https://registry.npmjs.org/pkg-dir/-/pkg-dir-4.2.0.tgz"
  "version" "4.2.0"
  dependencies:
    "find-up" "^4.0.0"

"punycode@1.3.2":
  "integrity" "sha1-llOgNvt8HuQjQvIyXM7v6jkmxI0="
  "resolved" "https://registry.npmjs.org/punycode/-/punycode-1.3.2.tgz"
  "version" "1.3.2"

"querystring@0.2.0":
  "integrity" "sha1-sgmEkgO7Jd+CDadW50cAWHhSFiA="
  "resolved" "https://registry.npmjs.org/querystring/-/querystring-0.2.0.tgz"
  "version" "0.2.0"

"resolve@1.20.0":
  "integrity" "sha512-wENBPt4ySzg4ybFQW2TT1zMQucPK95HSh/nq2CFTZVOGut2+pQvSsgtda4d26YrYcr067wjbmzOG8byDPBX63A=="
  "resolved" "https://registry.npmjs.org/resolve/-/resolve-1.20.0.tgz"
  "version" "1.20.0"
  dependencies:
    "is-core-module" "^2.2.0"
    "path-parse" "^1.0.6"

"rollup-plugin-typescript2@0.30.0":
  "integrity" "sha512-NUFszIQyhgDdhRS9ya/VEmsnpTe+GERDMmFo0Y+kf8ds51Xy57nPNGglJY+W6x1vcouA7Au7nsTgsLFj2I0PxQ=="
  "resolved" "https://registry.npmjs.org/rollup-plugin-typescript2/-/rollup-plugin-typescript2-0.30.0.tgz"
  "version" "0.30.0"
  dependencies:
    "@rollup/pluginutils" "^4.1.0"
    "find-cache-dir" "^3.3.1"
    "fs-extra" "8.1.0"
    "resolve" "1.20.0"
    "tslib" "2.1.0"

"rollup@^1.20.0||^2.0.0", "rollup@>=1.26.3", "rollup@1.32.1":
  "integrity" "sha512-/2HA0Ec70TvQnXdzynFffkjA6XN+1e2pEv/uKS5Ulca40g2L7KuOE3riasHoNVHOsFD5KKZgDsMk1CP3Tw9s+A=="
  "resolved" "https://registry.npmjs.org/rollup/-/rollup-1.32.1.tgz"
  "version" "1.32.1"
  dependencies:
    "@types/estree" "*"
    "@types/node" "*"
    "acorn" "^7.1.0"

"sax@>=0.6.0", "sax@1.2.1":
  "integrity" "sha1-e45lYZCyKOgaZq6nSEgNgozS03o="
  "resolved" "https://registry.npmjs.org/sax/-/sax-1.2.1.tgz"
  "version" "1.2.1"

"semver@^6.0.0":
  "integrity" "sha512-b39TBaTSfV6yBrapU89p5fKekE2m/NwnDocOVruQFS1/veMgdzuPcnOM34M6CwxW8jH/lxEa5rBoDeUwu5HHTw=="
  "resolved" "https://registry.npmjs.org/semver/-/semver-6.3.0.tgz"
  "version" "6.3.0"

"tslib@^2.0.0":
  "integrity" "sha512-gS9GVHRU+RGn5KQM2rllAlR3dU6m7AcpJKdtH8gFvQiC4Otgk98XnmMU+nZenHt/+VhnBPWwgrJsyrdcw6i23w=="
  "resolved" "https://registry.npmjs.org/tslib/-/tslib-2.2.0.tgz"
  "version" "2.2.0"

"tslib@2.1.0":
  "integrity" "sha512-hcVC3wYEziELGGmEEXue7D75zbwIIVUMWAVbHItGPx0ziyXxrOMQx4rQEVEV45Ut/1IotuEvwqPopzIOkDMf0A=="
  "resolved" "https://registry.npmjs.org/tslib/-/tslib-2.1.0.tgz"
  "version" "2.1.0"

"typescript@>=2.4.0", "typescript@3.9.5":
  "integrity" "sha512-hSAifV3k+i6lEoCJ2k6R2Z/rp/H3+8sdmcn5NrS3/3kE7+RyZXm9aqvxWqjEXHAd8b0pShatpcdMTvEdvAJltQ=="
  "resolved" "https://registry.npmjs.org/typescript/-/typescript-3.9.5.tgz"
  "version" "3.9.5"

"universalify@^0.1.0":
  "integrity" "sha512-rBJeI5CXAlmy1pV+617WB9J63U6XcazHHF2f2dbJix4XzpUF0RS3Zbj0FGIOCAva5P/d/GBOYaACQ1w+0azUkg=="
  "resolved" "https://registry.npmjs.org/universalify/-/universalify-0.1.2.tgz"
  "version" "0.1.2"

"url@0.10.3":
  "integrity" "sha1-Ah5NnHcF8hu/N9A861h2dAJ3TGQ="
  "resolved" "https://registry.npmjs.org/url/-/url-0.10.3.tgz"
  "version" "0.10.3"
  dependencies:
    "punycode" "1.3.2"
    "querystring" "0.2.0"

"uuid@3.3.2":
  "integrity" "sha512-yXJmeNaw3DnnKAOKJE51sL/ZaYfWJRl1pK9dr19YFCu0ObS231AB1/LbqTKRAQ5kw8A90rA6fr4riOUpTZvQZA=="
  "resolved" "https://registry.npmjs.org/uuid/-/uuid-3.3.2.tgz"
  "version" "3.3.2"

"xml2js@0.4.19":
  "integrity" "sha512-esZnJZJOiJR9wWKMyuvSE1y6Dq5LCuJanqhxslH2bxM6duahNZ+HMpCLhBQGZkbX6xRf8x1Y2eJlgt2q3qo49Q=="
  "resolved" "https://registry.npmjs.org/xml2js/-/xml2js-0.4.19.tgz"
  "version" "0.4.19"
  dependencies:
    "sax" ">=0.6.0"
    "xmlbuilder" "~9.0.1"

"xmlbuilder@~9.0.1":
  "integrity" "sha1-Ey7mPS7FVlxVfiD0wi35rKaGsQ0="
  "resolved" "https://registry.npmjs.org/xmlbuilder/-/xmlbuilder-9.0.7.tgz"
  "version" "9.0.7"
